// !$*UTF8*$!
{
	archiveVersion = 1;
	classes = {
	};
	objectVersion = 46;
	objects = {

/* Begin PBXBuildFile section */
		4294E8351BF6868E00DFACC3 /* cs2123p5.c in Sources */ = {isa = PBXBuildFile; fileRef = 4294E8311BF6868E00DFACC3 /* cs2123p5.c */; };
		4294E8361BF6868E00DFACC3 /* cs2123p5Driver.c in Sources */ = {isa = PBXBuildFile; fileRef = 4294E8331BF6868E00DFACC3 /* cs2123p5Driver.c */; };
/* End PBXBuildFile section */

/* Begin PBXCopyFilesBuildPhase section */
		4294E8251BF6867300DFACC3 /* CopyFiles */ = {
			isa = PBXCopyFilesBuildPhase;
			buildActionMask = 2147483647;
			dstPath = /usr/share/man/man1/;
			dstSubfolderSpec = 0;
			files = (
			);
			runOnlyForDeploymentPostprocessing = 1;
		};
/* End PBXCopyFilesBuildPhase section */

/* Begin PBXFileReference section */
		4294E8271BF6867300DFACC3 /* Program 5 */ = {isa = PBXFileReference; explicitFileType = "compiled.mach-o.executable"; includeInIndex = 0; path = "Program 5"; sourceTree = BUILT_PRODUCTS_DIR; };
		4294E8311BF6868E00DFACC3 /* cs2123p5.c */ = {isa = PBXFileReference; fileEncoding = 4; lastKnownFileType = sourcecode.c.c; name = cs2123p5.c; path = ../../cs2123p5.c; sourceTree = "<group>"; };
		4294E8321BF6868E00DFACC3 /* cs2123p5.h */ = {isa = PBXFileReference; fileEncoding = 4; lastKnownFileType = sourcecode.c.h; name = cs2123p5.h; path = ../../cs2123p5.h; sourceTree = "<group>"; };
		4294E8331BF6868E00DFACC3 /* cs2123p5Driver.c */ = {isa = PBXFileReference; fileEncoding = 4; lastKnownFileType = sourcecode.c.c; name = cs2123p5Driver.c; path = ../../cs2123p5Driver.c; sourceTree = "<group>"; };
		4294E8341BF6868E00DFACC3 /* cs2123p5Input.txt */ = {isa = PBXFileReference; fileEncoding = 4; lastKnownFileType = text; name = cs2123p5Input.txt; path = ../../cs2123p5Input.txt; sourceTree = "<group>"; };
/* End PBXFileReference section */

/* Begin PBXFrameworksBuildPhase section */
		4294E8241BF6867300DFACC3 /* Frameworks */ = {
			isa = PBXFrameworksBuildPhase;
			buildActionMask = 2147483647;
			files = (
			);
			runOnlyForDeploymentPostprocessing = 0;
		};
/* End PBXFrameworksBuildPhase section */

/* Begin PBXGroup section */
		4294E81E1BF6867300DFACC3 = {
			isa = PBXGroup;
			children = (
				4294E8291BF6867300DFACC3 /* Program 5 */,
				4294E8281BF6867300DFACC3 /* Products */,
			);
			sourceTree = "<group>";
		};
		4294E8281BF6867300DFACC3 /* Products */ = {
			isa = PBXGroup;
			children = (
				4294E8271BF6867300DFACC3 /* Program 5 */,
			);
			name = Products;
			sourceTree = "<group>";
		};
		4294E8291BF6867300DFACC3 /* Program 5 */ = {
			isa = PBXGroup;
			children = (
				4294E8311BF6868E00DFACC3 /* cs2123p5.c */,
				4294E8321BF6868E00DFACC3 /* cs2123p5.h */,
				4294E8331BF6868E00DFACC3 /* cs2123p5Driver.c */,
				4294E8341BF6868E00DFACC3 /* cs2123p5Input.txt */,
			);
			path = "Program 5";
			sourceTree = "<group>";
		};
/* End PBXGroup section */

/* Begin PBXNativeTarget section */
		4294E8261BF6867300DFACC3 /* Program 5 */ = {
			isa = PBXNativeTarget;
			buildConfigurationList = 4294E82E1BF6867300DFACC3 /* Build configuration list for PBXNativeTarget "Program 5" */;
			buildPhases = (
				4294E8231BF6867300DFACC3 /* Sources */,
				4294E8241BF6867300DFACC3 /* Frameworks */,
				4294E8251BF6867300DFACC3 /* CopyFiles */,
			);
			buildRules = (
			);
			dependencies = (
			);
			name = "Program 5";
			productName = "Program 5";
			productReference = 4294E8271BF6867300DFACC3 /* Program 5 */;
			productType = "com.apple.product-type.tool";
		};
/* End PBXNativeTarget section */

/* Begin PBXProject section */
		4294E81F1BF6867300DFACC3 /* Project object */ = {
			isa = PBXProject;
			attributes = {
				LastUpgradeCheck = 0710;
				ORGANIZATIONNAME = "Joshua Weigand";
				TargetAttributes = {
					4294E8261BF6867300DFACC3 = {
						CreatedOnToolsVersion = 7.1;
					};
				};
			};
			buildConfigurationList = 4294E8221BF6867300DFACC3 /* Build configuration list for PBXProject "Program 5" */;
			compatibilityVersion = "Xcode 3.2";
			developmentRegion = English;
			hasScannedForEncodings = 0;
			knownRegions = (
				en,
			);
			mainGroup = 4294E81E1BF6867300DFACC3;
			productRefGroup = 4294E8281BF6867300DFACC3 /* Products */;
			projectDirPath = "";
			projectRoot = "";
			targets = (
				4294E8261BF6867300DFACC3 /* Program 5 */,
			);
		};
/* End PBXProject section */

/* Begin PBXSourcesBuildPhase section */
		4294E8231BF6867300DFACC3 /* Sources */ = {
			isa = PBXSourcesBuildPhase;
			buildActionMask = 2147483647;
			files = (
				4294E8361BF6868E00DFACC3 /* cs2123p5Driver.c in Sources */,
				4294E8351BF6868E00DFACC3 /* cs2123p5.c in Sources */,
			);
			runOnlyForDeploymentPostprocessing = 0;
		};
/* End PBXSourcesBuildPhase section */

/* Begin XCBuildConfiguration section */
		4294E82C1BF6867300DFACC3 /* Debug */ = {
			isa = XCBuildConfiguration;
			buildSettings = {
				ALWAYS_SEARCH_USER_PATHS = NO;
				CLANG_CXX_LANGUAGE_STANDARD = "gnu++0x";
				CLANG_CXX_LIBRARY = "libc++";
				CLANG_ENABLE_MODULES = YES;
				CLANG_ENABLE_OBJC_ARC = YES;
				CLANG_WARN_BOOL_CONVERSION = YES;
				CLANG_WARN_CONSTANT_CONVERSION = YES;
				CLANG_WARN_DIRECT_OBJC_ISA_USAGE = YES_ERROR;
				CLANG_WARN_EMPTY_BODY = YES;
				CLANG_WARN_ENUM_CONVERSION = YES;
				CLANG_WARN_INT_CONVERSION = YES;
				CLANG_WARN_OBJC_ROOT_CLASS = YES_ERROR;
				CLANG_WARN_UNREACHABLE_CODE = YES;
				CLANG_WARN__DUPLICATE_METHOD_MATCH = YES;
				CODE_SIGN_IDENTITY = "-";
				COPY_PHASE_STRIP = NO;
				DEBUG_INFORMATION_FORMAT = dwarf;
				ENABLE_STRICT_OBJC_MSGSEND = YES;
				ENABLE_TESTABILITY = YES;
				GCC_C_LANGUAGE_STANDARD = gnu99;
				GCC_DYNAMIC_NO_PIC = NO;
				GCC_NO_COMMON_BLOCKS = YES;
				GCC_OPTIMIZATION_LEVEL = 0;
				GCC_PREPROCESSOR_DEFINITIONS = (
					"DEBUG=1",
					"$(inherited)",
				);
				GCC_WARN_64_TO_32_BIT_CONVERSION = YES;
				GCC_WARN_ABOUT_RETURN_TYPE = YES_ERROR;
				GCC_WARN_UNDECLARED_SELECTOR = YES;
				GCC_WARN_UNINITIALIZED_AUTOS = YES_AGGRESSIVE;
				GCC_WARN_UNUSED_FUNCTION = YES;
				GCC_WARN_UNUSED_VARIABLE = YES;
				MACOSX_DEPLOYMENT_TARGET = 10.11;
				MTL_ENABLE_DEBUG_INFO = YES;
				ONLY_ACTIVE_ARCH = YES;
				SDKROOT = macosx;
			};
			name = Debug;
		};
		4294E82D1BF6867300DFACC3 /* Release */ = {
			isa = XCBuildConfiguration;
			buildSettings = {
				ALWAYS_SEARCH_USER_PATHS = NO;
				CLANG_CXX_LANGUAGE_STANDARD = "gnu++0x";
				CLANG_CXX_LIBRARY = "libc++";
				CLANG_ENABLE_MODULES = YES;
				CLANG_ENABLE_OBJC_ARC = YES;
				CLANG_WARN_BOOL_CONVERSION = YES;
				CLANG_WARN_CONSTANT_CONVERSION = YES;
				CLANG_WARN_DIRECT_OBJC_ISA_USAGE = YES_ERROR;
				CLANG_WARN_EMPTY_BODY = YES;
				CLANG_WARN_ENUM_CONVERSION = YES;
				CLANG_WARN_INT_CONVERSION = YES;
				CLANG_WARN_OBJC_ROOT_CLASS = YES_ERROR;
				CLANG_WARN_UNREACHABLE_CODE = YES;
				CLANG_WARN__DUPLICATE_METHOD_MATCH = YES;
				CODE_SIGN_IDENTITY = "-";
				COPY_PHASE_STRIP = NO;
				DEBUG_INFORMATION_FORMAT = "dwarf-with-dsym";
				ENABLE_NS_ASSERTIONS = NO;
				ENABLE_STRICT_OBJC_MSGSEND = YES;
				GCC_C_LANGUAGE_STANDARD = gnu99;
				GCC_NO_COMMON_BLOCKS = YES;
				GCC_WARN_64_TO_32_BIT_CONVERSION = YES;
				GCC_WARN_ABOUT_RETURN_TYPE = YES_ERROR;
				GCC_WARN_UNDECLARED_SELECTOR = YES;
				GCC_WARN_UNINITIALIZED_AUTOS = YES_AGGRESSIVE;
				GCC_WARN_UNUSED_FUNCTION = YES;
				GCC_WARN_UNUSED_VARIABLE = YES;
				MACOSX_DEPLOYMENT_TARGET = 10.11;
				MTL_ENABLE_DEBUG_INFO = NO;
				SDKROOT = macosx;
			};
			name = Release;
		};
		4294E82F1BF6867300DFACC3 /* Debug */ = {
			isa = XCBuildConfiguration;
			buildSettings = {
				PRODUCT_NAME = "$(TARGET_NAME)";
			};
			name = Debug;
		};
		4294E8301BF6867300DFACC3 /* Release */ = {
			isa = XCBuildConfiguration;
			buildSettings = {
				PRODUCT_NAME = "$(TARGET_NAME)";
			};
			name = Release;
		};
/* End XCBuildConfiguration section */

/* Begin XCConfigurationList section */
		4294E8221BF6867300DFACC3 /* Build configuration list for PBXProject "Program 5" */ = {
			isa = XCConfigurationList;
			buildConfigurations = (
				4294E82C1BF6867300DFACC3 /* Debug */,
				4294E82D1BF6867300DFACC3 /* Release */,
			);
			defaultConfigurationIsVisible = 0;
			defaultConfigurationName = Release;
		};
		4294E82E1BF6867300DFACC3 /* Build configuration list for PBXNativeTarget "Program 5" */ = {
			isa = XCConfigurationList;
			buildConfigurations = (
				4294E82F1BF6867300DFACC3 /* Debug */,
				4294E8301BF6867300DFACC3 /* Release */,
			);
			defaultConfigurationIsVisible = 0;
		};
/* End XCConfigurationList section */
	};
	rootObject = 4294E81F1BF6867300DFACC3 /* Project object */;
}
